
Microsoft Visual Studio Solution File, Format Version 12.00
# Visual Studio 15
VisualStudioVersion = 15.0.26124.0
MinimumVisualStudioVersion = 15.0.26124.0
Project("{FAE04EC0-301F-11D3-BF4B-00C04F79EFBC}") = "SlackBot", "SlackBot\SlackBot.csproj", "{8A5AEB3E-228D-4B8B-B11A-6ED920CFAC28}"
EndProject
Project("{FAE04EC0-301F-11D3-BF4B-00C04F79EFBC}") = "SlackBot.Test", "SlackBot.Test\SlackBot.Test.csproj", "{5F657A5B-7115-42F1-AB69-3B3E899EAC85}"
EndProject
Global
	GlobalSection(SolutionConfigurationPlatforms) = preSolution
		Debug|Any CPU = Debug|Any CPU
		Debug|x64 = Debug|x64
		Debug|x86 = Debug|x86
		Release|Any CPU = Release|Any CPU
		Release|x64 = Release|x64
		Release|x86 = Release|x86
	EndGlobalSection
	GlobalSection(SolutionProperties) = preSolution
		HideSolutionNode = FALSE
	EndGlobalSection
	GlobalSection(ProjectConfigurationPlatforms) = postSolution
		{8A5AEB3E-228D-4B8B-B11A-6ED920CFAC28}.Debug|Any CPU.ActiveCfg = Debug|Any CPU
		{8A5AEB3E-228D-4B8B-B11A-6ED920CFAC28}.Debug|Any CPU.Build.0 = Debug|Any CPU
		{8A5AEB3E-228D-4B8B-B11A-6ED920CFAC28}.Debug|x64.ActiveCfg = Debug|Any CPU
		{8A5AEB3E-228D-4B8B-B11A-6ED920CFAC28}.Debug|x64.Build.0 = Debug|Any CPU
		{8A5AEB3E-228D-4B8B-B11A-6ED920CFAC28}.Debug|x86.ActiveCfg = Debug|Any CPU
		{8A5AEB3E-228D-4B8B-B11A-6ED920CFAC28}.Debug|x86.Build.0 = Debug|Any CPU
		{8A5AEB3E-228D-4B8B-B11A-6ED920CFAC28}.Release|Any CPU.ActiveCfg = Release|Any CPU
		{8A5AEB3E-228D-4B8B-B11A-6ED920CFAC28}.Release|Any CPU.Build.0 = Release|Any CPU
		{8A5AEB3E-228D-4B8B-B11A-6ED920CFAC28}.Release|x64.ActiveCfg = Release|Any CPU
		{8A5AEB3E-228D-4B8B-B11A-6ED920CFAC28}.Release|x64.Build.0 = Release|Any CPU
		{8A5AEB3E-228D-4B8B-B11A-6ED920CFAC28}.Release|x86.ActiveCfg = Release|Any CPU
		{8A5AEB3E-228D-4B8B-B11A-6ED920CFAC28}.Release|x86.Build.0 = Release|Any CPU
		{5F657A5B-7115-42F1-AB69-3B3E899EAC85}.Debug|Any CPU.ActiveCfg = Debug|Any CPU
		{5F657A5B-7115-42F1-AB69-3B3E899EAC85}.Debug|Any CPU.Build.0 = Debug|Any CPU
		{5F657A5B-7115-42F1-AB69-3B3E899EAC85}.Debug|x64.ActiveCfg = Debug|Any CPU
		{5F657A5B-7115-42F1-AB69-3B3E899EAC85}.Debug|x64.Build.0 = Debug|Any CPU
		{5F657A5B-7115-42F1-AB69-3B3E899EAC85}.Debug|x86.ActiveCfg = Debug|Any CPU
		{5F657A5B-7115-42F1-AB69-3B3E899EAC85}.Debug|x86.Build.0 = Debug|Any CPU
		{5F657A5B-7115-42F1-AB69-3B3E899EAC85}.Release|Any CPU.ActiveCfg = Release|Any CPU
		{5F657A5B-7115-42F1-AB69-3B3E899EAC85}.Release|Any CPU.Build.0 = Release|Any CPU
		{5F657A5B-7115-42F1-AB69-3B3E899EAC85}.Release|x64.ActiveCfg = Release|Any CPU
		{5F657A5B-7115-42F1-AB69-3B3E899EAC85}.Release|x64.Build.0 = Release|Any CPU
		{5F657A5B-7115-42F1-AB69-3B3E899EAC85}.Release|x86.ActiveCfg = Release|Any CPU
		{5F657A5B-7115-42F1-AB69-3B3E899EAC85}.Release|x86.Build.0 = Release|Any CPU
	EndGlobalSection
EndGlobal
